github.com/gofrs/uuid v4.4.0+incompatible h1:3qXRTX8/NbyulANqlc0lchS1gqAVxRgsuW1YrTJupqA=
github.com/gofrs/uuid v4.4.0+incompatible/go.mod h1:b2aQJv3Z4Fp6yNu3cdSllBxTCLRxnplIgP/c0N/04lM=
github.com/lucasepe/codename v0.2.0 h1:zkW9mKWSO8jjVIYFyZWE9FPvBtFVJxgMpQcMkf4Vv20=
github.com/lucasepe/codename v0.2.0/go.mod h1:RDcExRuZPWp5Uz+BosvpROFTrxpt5r1vSzBObHdBdDM=
